<?xml version="1.0" encoding="utf-8"?>
<Project ToolsVersion="4.0" xmlns="http://schemas.microsoft.com/developer/msbuild/2003">
  <ItemGroup>
    <Filter Include="Source Files">
      <UniqueIdentifier>{4FC737F1-C7A5-4376-A066-2A32D752A2FF}</UniqueIdentifier>
      <Extensions>cpp;c;cc;cxx;def;odl;idl;hpj;bat;asm;asmx</Extensions>
    </Filter>
    <Filter Include="Header Files">
      <UniqueIdentifier>{93995380-89BD-4b04-88EB-625FBE52EBFB}</UniqueIdentifier>
      <Extensions>h;hh;hpp;hxx;hm;inl;inc;xsd</Extensions>
    </Filter>
    <Filter Include="Resource Files">
      <UniqueIdentifier>{67DA6AB6-F800-4c08-8B7A-83BB121AAD01}</UniqueIdentifier>
      <Extensions>rc;ico;cur;bmp;dlg;rc2;rct;bin;rgs;gif;jpg;jpeg;jpe;resx;tiff;tif;png;wav</Extensions>
    </Filter>
  </ItemGroup>
  <ItemGroup>
    <ClCompile Include="main.cpp">
      <Filter>Source Files</Filter>
    </ClCompile>
    <ClCompile Include="mainwindow.cpp">
      <Filter>Source Files</Filter>
    </ClCompile>
    <ClCompile Include="toolbox.cpp">
      <Filter>Source Files</Filter>
    </ClCompile>
    <ClCompile Include="playarea.cpp">
      <Filter>Source Files</Filter>
    </ClCompile>
    <ClCompile Include="simulator.cpp">
      <Filter>Source Files</Filter>
    </ClCompile>
    <ClCompile Include="statemanager.cpp">
      <Filter>Source Files</Filter>
    </ClCompile>
    <ClCompile Include="buttonbar.cpp">
      <Filter>Source Files</Filter>
    </ClCompile>
    <ClCompile Include="playareaactionmanager.cpp">
      <Filter>Source Files</Filter>
    </ClCompile>
    <ClCompile Include="clipboardaction.cpp">
      <Filter>Source Files</Filter>
    </ClCompile>
    <ClCompile Include="clipboardmanager.cpp">
      <Filter>Source Files</Filter>
    </ClCompile>
    <ClCompile Include="selectionaction.cpp">
      <Filter>Source Files</Filter>
    </ClCompile>
    <ClCompile Include="notificationdisplay.cpp">
      <Filter>Source Files</Filter>
    </ClCompile>
    <ClCompile Include="launch_browser.cpp">
      <Filter>Source Files</Filter>
    </ClCompile>
  </ItemGroup>
  <ItemGroup>
    <ClInclude Include="declarations.hpp">
      <Filter>Header Files</Filter>
    </ClInclude>
    <ClInclude Include="elements.hpp">
      <Filter>Header Files</Filter>
    </ClInclude>
    <ClInclude Include="mainwindow.hpp">
      <Filter>Header Files</Filter>
    </ClInclude>
    <ClInclude Include="tag_tuple.hpp">
      <Filter>Header Files</Filter>
    </ClInclude>
    <ClInclude Include="toolbox.hpp">
      <Filter>Header Files</Filter>
    </ClInclude>
    <ClInclude Include="playarea.hpp">
      <Filter>Header Files</Filter>
    </ClInclude>
    <ClInclude Include="heap_matrix.hpp">
      <Filter>Header Files</Filter>
    </ClInclude>
    <ClInclude Include="integral_division.hpp">
      <Filter>Header Files</Filter>
    </ClInclude>
    <ClInclude Include="point.hpp">
      <Filter>Header Files</Filter>
    </ClInclude>
    <ClInclude Include="simulator.hpp">
      <Filter>Header Files</Filter>
    </ClInclude>
    <ClInclude Include="statemanager.hpp">
      <Filter>Header Files</Filter>
    </ClInclude>
    <ClInclude Include="visitor.hpp">
      <Filter>Header Files</Filter>
    </ClInclude>
    <ClInclude Include="canvasstate.hpp">
      <Filter>Header Files</Filter>
    </ClInclude>
    <ClInclude Include="action.hpp">
      <Filter>Header Files</Filter>
    </ClInclude>
    <ClInclude Include="selectionaction.hpp">
      <Filter>Header Files</Filter>
    </ClInclude>
    <ClInclude Include="pencilaction.hpp">
      <Filter>Header Files</Filter>
    </ClInclude>
    <ClInclude Include="baseaction.hpp">
      <Filter>Header Files</Filter>
    </ClInclude>
    <ClInclude Include="eventreceiver.hpp">
      <Filter>Header Files</Filter>
    </ClInclude>
    <ClInclude Include="expandable_matrix.hpp">
      <Filter>Header Files</Filter>
    </ClInclude>
    <ClInclude Include="editaction.hpp">
      <Filter>Header Files</Filter>
    </ClInclude>
    <ClInclude Include="historyaction.hpp">
      <Filter>Header Files</Filter>
    </ClInclude>
    <ClInclude Include="historymanager.hpp">
      <Filter>Header Files</Filter>
    </ClInclude>
    <ClInclude Include="fileopenaction.hpp">
      <Filter>Header Files</Filter>
    </ClInclude>
    <ClInclude Include="filesaveaction.hpp">
      <Filter>Header Files</Filter>
    </ClInclude>
    <ClInclude Include="filenewaction.hpp">
      <Filter>Header Files</Filter>
    </ClInclude>
    <ClInclude Include="fileutils.hpp">
      <Filter>Header Files</Filter>
    </ClInclude>
    <ClInclude Include="buttonbar.hpp">
      <Filter>Header Files</Filter>
    </ClInclude>
    <ClInclude Include="actionmanager.hpp">
      <Filter>Header Files</Filter>
    </ClInclude>
    <ClInclude Include="drawing.hpp">
      <Filter>Header Files</Filter>
    </ClInclude>
    <ClInclude Include="eyedropperaction.hpp">
      <Filter>Header Files</Filter>
    </ClInclude>
    <ClInclude Include="saveableaction.hpp">
      <Filter>Header Files</Filter>
    </ClInclude>
    <ClInclude Include="font.hpp">
      <Filter>Header Files</Filter>
    </ClInclude>
    <ClInclude Include="buttonbaritems.hpp">
      <Filter>Header Files</Filter>
    </ClInclude>
    <ClInclude Include="statefulaction.hpp">
      <Filter>Header Files</Filter>
    </ClInclude>
    <ClInclude Include="playareaactionmanager.hpp">
      <Filter>Header Files</Filter>
    </ClInclude>
    <ClInclude Include="keyboardeventreceiver.hpp">
      <Filter>Header Files</Filter>
    </ClInclude>
    <ClInclude Include="reverse_adaptor.hpp">
      <Filter>Header Files</Filter>
    </ClInclude>
    <ClInclude Include="eventhook.hpp">
      <Filter>Header Files</Filter>
    </ClInclude>
    <ClInclude Include="changesimulationspeedaction.hpp">
      <Filter>Header Files</Filter>
    </ClInclude>
    <ClInclude Include="unicode.hpp">
      <Filter>Header Files</Filter>
    </ClInclude>
    <ClInclude Include="renderable.hpp">
      <Filter>Header Files</Filter>
    </ClInclude>
    <ClInclude Include="iconcodepoints.hpp">
      <Filter>Header Files</Filter>
    </ClInclude>
    <ClInclude Include="sdl_fast_maprgb.hpp">
      <Filter>Header Files</Filter>
    </ClInclude>
    <ClInclude Include="reduce.hpp">
      <Filter>Header Files</Filter>
    </ClInclude>
    <ClInclude Include="simulator_compile.hpp">
      <Filter>Header Files</Filter>
    </ClInclude>
    <ClInclude Include="communicator.hpp">
      <Filter>Header Files</Filter>
    </ClInclude>
    <ClInclude Include="screeninputaction.hpp">
      <Filter>Header Files</Filter>
    </ClInclude>
    <ClInclude Include="concurrent_queue.hpp">
      <Filter>Header Files</Filter>
    </ClInclude>
    <ClInclude Include="algorithm.hpp">
      <Filter>Header Files</Filter>
    </ClInclude>
    <ClInclude Include="concurrent_fixed_queue.hpp">
      <Filter>Header Files</Filter>
    </ClInclude>
    <ClInclude Include="filecommunicatorselectaction.hpp">
      <Filter>Header Files</Filter>
    </ClInclude>
    <ClInclude Include="screencommunicator.hpp">
      <Filter>Header Files</Filter>
    </ClInclude>
    <ClInclude Include="fileinputcommunicator.hpp">
      <Filter>Header Files</Filter>
    </ClInclude>
    <ClInclude Include="flushable_fixed_queue.hpp">
      <Filter>Header Files</Filter>
    </ClInclude>
    <ClInclude Include="sdl_automatic.hpp">
      <Filter>Header Files</Filter>
    </ClInclude>
    <ClInclude Include="clipboardaction.hpp">
      <Filter>Header Files</Filter>
    </ClInclude>
    <ClInclude Include="clipboardmanager.hpp">
      <Filter>Header Files</Filter>
    </ClInclude>
    <ClInclude Include="elementdescriptionutils.hpp">
      <Filter>Header Files</Filter>
    </ClInclude>
    <ClInclude Include="historycanvasstate.hpp">
      <Filter>Header Files</Filter>
    </ClInclude>
    <ClInclude Include="unrolled_linked_list_queue.hpp">
      <Filter>Header Files</Filter>
    </ClInclude>
    <ClInclude Include="fileoutputcommunicator.hpp">
      <Filter>Header Files</Filter>
    </ClInclude>
    <ClInclude Include="shared_memory.hpp">
      <Filter>Header Files</Filter>
    </ClInclude>
    <ClInclude Include="clipboardstore.hpp">
      <Filter>Header Files</Filter>
    </ClInclude>
    <ClInclude Include="notificationdisplay.hpp">
      <Filter>Header Files</Filter>
    </ClInclude>
    <ClInclude Include="control.hpp">
      <Filter>Header Files</Filter>
    </ClInclude>
    <ClInclude Include="drawable.hpp">
      <Filter>Header Files</Filter>
    </ClInclude>
    <ClInclude Include="cstring.hpp">
      <Filter>Header Files</Filter>
    </ClInclude>
    <ClInclude Include="sdl_surface_create.hpp">
      <Filter>Header Files</Filter>
    </ClInclude>
    <ClInclude Include="interpolate.hpp">
      <Filter>Header Files</Filter>
    </ClInclude>
    <ClInclude Include="launch_browser.hpp">
      <Filter>Header Files</Filter>
    </ClInclude>
  </ItemGroup>
  <ItemGroup>
    <None Include="playareaaction.hpp">
      <Filter>Header Files</Filter>
    </None>
  </ItemGroup>
</Project>