<?xml version="1.0" encoding="UTF-8" standalone="yes" ?>
<CodeBlocks_project_file>
	<FileVersion major="1" minor="6" />
	<Project>
		<Option title="Circuit Playground" />
		<Option pch_mode="2" />
		<Option compiler="mingw-w64_x64_seh_win32threads_-_empty_config" />
		<Build>
			<Target title="Debug">
				<Option output="bin/Debug/circuit-playground" prefix_auto="1" extension_auto="1" />
				<Option object_output="obj/Debug/" />
				<Option type="1" />
				<Option compiler="mingw-w64_x64_seh_win32threads_-_empty_config" />
				<Compiler>
					<Add option="-Wall" />
					<Add option="-g" />
					<Add option="-std=c++17" />
				</Compiler>
				<Linker>
					<Add library="boost_system-mgw73-mt-d-x64-1_67.dll" />
				</Linker>
				<ExtraCommands>
					<Add after="XCOPY $(#boost.bin)\libboost_system-mgw73-mt-d-x64-1_67.dll $(TARGET_OUTPUT_DIR) /D /Y" />
				</ExtraCommands>
			</Target>
			<Target title="Release">
				<Option output="bin/Release/circuit-playground" prefix_auto="1" extension_auto="1" />
				<Option object_output="obj/Release/" />
				<Option type="0" />
				<Option compiler="mingw-w64_x64_seh_win32threads_-_empty_config" />
				<Compiler>
					<Add option="-O3" />
					<Add option="-Wall" />
					<Add option="-std=c++17" />
				</Compiler>
				<Linker>
					<Add option="-s" />
					<Add library="boost_system-mgw73-mt-x64-1_67.dll" />
				</Linker>
				<ExtraCommands>
					<Add after="XCOPY $(#boost.bin)\libboost_system-mgw73-mt-x64-1_67.dll $(TARGET_OUTPUT_DIR) /D /Y" />
				</ExtraCommands>
			</Target>
		</Build>
		<Compiler>
			<Add option="-Wall" />
			<Add directory="$(#sdl2_x64.include)" />
			<Add directory="$(#sdl2_ttf_x64.include)" />
			<Add directory="$(#boost.include)" />
			<Add directory="D:/Bernard/Documents/GitHub/mingw-std-threads" />
		</Compiler>
		<Linker>
			<Add library="mingw32" />
			<Add library="SDL2main" />
			<Add library="SDL2.dll" />
			<Add library="SDL2_ttf.dll" />
			<Add library="user32" />
			<Add library="gdi32" />
			<Add library="winmm" />
			<Add library="dxguid" />
			<Add library="ws2_32" />
			<Add directory="$(#sdl2_x64.lib)" />
			<Add directory="$(#boost.lib)" />
			<Add directory="$(#sdl2_ttf_x64.lib)" />
		</Linker>
		<ExtraCommands>
			<Add after="XCOPY $(#sdl2_x64.bin)\SDL2.dll $(TARGET_OUTPUT_DIR) /D /Y" />
			<Add after="XCOPY $(#sdl2_ttf_x64.bin)\SDL2_ttf.dll $(TARGET_OUTPUT_DIR) /D /Y" />
			<Add after="XCOPY $(#sdl2_ttf_x64.bin)\libfreetype-6.dll $(TARGET_OUTPUT_DIR) /D /Y" />
			<Add after="XCOPY .\resources $(TARGET_OUTPUT_DIR) /D /Y" />
		</ExtraCommands>
		<Unit filename="declarations.hpp" />
		<Unit filename="drawable.hpp" />
		<Unit filename="elements.hpp" />
		<Unit filename="main.cpp" />
		<Unit filename="mainwindow.cpp" />
		<Unit filename="mainwindow.hpp" />
		<Unit filename="tag_tuple.hpp" />
		<Unit filename="toolbox.cpp" />
		<Unit filename="toolbox.hpp" />
		<Extensions>
			<code_completion>
				<search_path add="$(#sdl2_x64.include)" />
				<search_path add="$(#boost.include)" />
				<search_path add="D:\Bernard\Documents\GitHub\mingw-std-threads" />
				<search_path add="$(#sdl2_ttf_x64.include)" />
			</code_completion>
			<envvars />
			<debugger />
		</Extensions>
	</Project>
</CodeBlocks_project_file>
